
Microsoft Visual Studio Solution File, Format Version 12.00
# Visual Studio Version 17
VisualStudioVersion = 17.9.34723.18
MinimumVisualStudioVersion = 10.0.40219.1
Project("{FAE04EC0-301F-11D3-BF4B-00C04F79EFBC}") = "Chuong1", "Chuong1\Chuong1.csproj", "{AF1BC186-240B-4104-B833-05D45157F15B}"
EndProject
Global
	GlobalSection(SolutionConfigurationPlatforms) = preSolution
		Debug|Any CPU = Debug|Any CPU
		Release|Any CPU = Release|Any CPU
	EndGlobalSection
	GlobalSection(ProjectConfigurationPlatforms) = postSolution
		{AF1BC186-240B-4104-B833-05D45157F15B}.Debug|Any CPU.ActiveCfg = Debug|Any CPU
		{AF1BC186-240B-4104-B833-05D45157F15B}.Debug|Any CPU.Build.0 = Debug|Any CPU
		{AF1BC186-240B-4104-B833-05D45157F15B}.Release|Any CPU.ActiveCfg = Release|Any CPU
		{AF1BC186-240B-4104-B833-05D45157F15B}.Release|Any CPU.Build.0 = Release|Any CPU
	EndGlobalSection
	GlobalSection(SolutionProperties) = preSolution
		HideSolutionNode = FALSE
	EndGlobalSection
	GlobalSection(ExtensibilityGlobals) = postSolution
		SolutionGuid = {1BD4000F-915C-4D5B-8136-A762D63F5DEF}
	EndGlobalSection
EndGlobal
